
Microsoft Visual Studio Solution File, Format Version 12.00
# Visual Studio Version 16
VisualStudioVersion = 16.0.30621.155
MinimumVisualStudioVersion = 10.0.40219.1
Project("{FAE04EC0-301F-11D3-BF4B-00C04F79EFBC}") = "UwpApp", "UwpApp\UwpApp.csproj", "{11B31316-12D2-4A71-B44C-B10C60406640}"
EndProject
Project("{FAE04EC0-301F-11D3-BF4B-00C04F79EFBC}") = "DataAccess", "DataAccess\DataAccess.csproj", "{A819304E-7A2C-413C-BA73-6C0A49F9298E}"
EndProject
Project("{2150E333-8FDC-42A3-9474-1A3956D46DE8}") = "Solution Items", "Solution Items", "{6ECA2C38-45DD-4D05-8BE8-ECEEC19B9171}"
	ProjectSection(SolutionItems) = preProject
		query.sql = query.sql
	EndProjectSection
EndProject
Global
	GlobalSection(SolutionConfigurationPlatforms) = preSolution
		Debug|Any CPU = Debug|Any CPU
		Debug|ARM = Debug|ARM
		Debug|ARM64 = Debug|ARM64
		Debug|x64 = Debug|x64
		Debug|x86 = Debug|x86
		Release|Any CPU = Release|Any CPU
		Release|ARM = Release|ARM
		Release|ARM64 = Release|ARM64
		Release|x64 = Release|x64
		Release|x86 = Release|x86
	EndGlobalSection
	GlobalSection(ProjectConfigurationPlatforms) = postSolution
		{11B31316-12D2-4A71-B44C-B10C60406640}.Debug|Any CPU.ActiveCfg = Debug|x86
		{11B31316-12D2-4A71-B44C-B10C60406640}.Debug|ARM.ActiveCfg = Debug|ARM
		{11B31316-12D2-4A71-B44C-B10C60406640}.Debug|ARM.Build.0 = Debug|ARM
		{11B31316-12D2-4A71-B44C-B10C60406640}.Debug|ARM.Deploy.0 = Debug|ARM
		{11B31316-12D2-4A71-B44C-B10C60406640}.Debug|ARM64.ActiveCfg = Debug|ARM64
		{11B31316-12D2-4A71-B44C-B10C60406640}.Debug|ARM64.Build.0 = Debug|ARM64
		{11B31316-12D2-4A71-B44C-B10C60406640}.Debug|ARM64.Deploy.0 = Debug|ARM64
		{11B31316-12D2-4A71-B44C-B10C60406640}.Debug|x64.ActiveCfg = Debug|x64
		{11B31316-12D2-4A71-B44C-B10C60406640}.Debug|x64.Build.0 = Debug|x64
		{11B31316-12D2-4A71-B44C-B10C60406640}.Debug|x64.Deploy.0 = Debug|x64
		{11B31316-12D2-4A71-B44C-B10C60406640}.Debug|x86.ActiveCfg = Debug|x86
		{11B31316-12D2-4A71-B44C-B10C60406640}.Debug|x86.Build.0 = Debug|x86
		{11B31316-12D2-4A71-B44C-B10C60406640}.Debug|x86.Deploy.0 = Debug|x86
		{11B31316-12D2-4A71-B44C-B10C60406640}.Release|Any CPU.ActiveCfg = Release|x86
		{11B31316-12D2-4A71-B44C-B10C60406640}.Release|ARM.ActiveCfg = Release|ARM
		{11B31316-12D2-4A71-B44C-B10C60406640}.Release|ARM.Build.0 = Release|ARM
		{11B31316-12D2-4A71-B44C-B10C60406640}.Release|ARM.Deploy.0 = Release|ARM
		{11B31316-12D2-4A71-B44C-B10C60406640}.Release|ARM64.ActiveCfg = Release|ARM64
		{11B31316-12D2-4A71-B44C-B10C60406640}.Release|ARM64.Build.0 = Release|ARM64
		{11B31316-12D2-4A71-B44C-B10C60406640}.Release|ARM64.Deploy.0 = Release|ARM64
		{11B31316-12D2-4A71-B44C-B10C60406640}.Release|x64.ActiveCfg = Release|x64
		{11B31316-12D2-4A71-B44C-B10C60406640}.Release|x64.Build.0 = Release|x64
		{11B31316-12D2-4A71-B44C-B10C60406640}.Release|x64.Deploy.0 = Release|x64
		{11B31316-12D2-4A71-B44C-B10C60406640}.Release|x86.ActiveCfg = Release|x86
		{11B31316-12D2-4A71-B44C-B10C60406640}.Release|x86.Build.0 = Release|x86
		{11B31316-12D2-4A71-B44C-B10C60406640}.Release|x86.Deploy.0 = Release|x86
		{A819304E-7A2C-413C-BA73-6C0A49F9298E}.Debug|Any CPU.ActiveCfg = Debug|Any CPU
		{A819304E-7A2C-413C-BA73-6C0A49F9298E}.Debug|Any CPU.Build.0 = Debug|Any CPU
		{A819304E-7A2C-413C-BA73-6C0A49F9298E}.Debug|ARM.ActiveCfg = Debug|ARM
		{A819304E-7A2C-413C-BA73-6C0A49F9298E}.Debug|ARM.Build.0 = Debug|ARM
		{A819304E-7A2C-413C-BA73-6C0A49F9298E}.Debug|ARM64.ActiveCfg = Debug|ARM64
		{A819304E-7A2C-413C-BA73-6C0A49F9298E}.Debug|ARM64.Build.0 = Debug|ARM64
		{A819304E-7A2C-413C-BA73-6C0A49F9298E}.Debug|x64.ActiveCfg = Debug|x64
		{A819304E-7A2C-413C-BA73-6C0A49F9298E}.Debug|x64.Build.0 = Debug|x64
		{A819304E-7A2C-413C-BA73-6C0A49F9298E}.Debug|x86.ActiveCfg = Debug|x86
		{A819304E-7A2C-413C-BA73-6C0A49F9298E}.Debug|x86.Build.0 = Debug|x86
		{A819304E-7A2C-413C-BA73-6C0A49F9298E}.Release|Any CPU.ActiveCfg = Release|Any CPU
		{A819304E-7A2C-413C-BA73-6C0A49F9298E}.Release|Any CPU.Build.0 = Release|Any CPU
		{A819304E-7A2C-413C-BA73-6C0A49F9298E}.Release|ARM.ActiveCfg = Release|ARM
		{A819304E-7A2C-413C-BA73-6C0A49F9298E}.Release|ARM.Build.0 = Release|ARM
		{A819304E-7A2C-413C-BA73-6C0A49F9298E}.Release|ARM64.ActiveCfg = Release|ARM64
		{A819304E-7A2C-413C-BA73-6C0A49F9298E}.Release|ARM64.Build.0 = Release|ARM64
		{A819304E-7A2C-413C-BA73-6C0A49F9298E}.Release|x64.ActiveCfg = Release|x64
		{A819304E-7A2C-413C-BA73-6C0A49F9298E}.Release|x64.Build.0 = Release|x64
		{A819304E-7A2C-413C-BA73-6C0A49F9298E}.Release|x86.ActiveCfg = Release|x86
		{A819304E-7A2C-413C-BA73-6C0A49F9298E}.Release|x86.Build.0 = Release|x86
	EndGlobalSection
	GlobalSection(SolutionProperties) = preSolution
		HideSolutionNode = FALSE
	EndGlobalSection
	GlobalSection(ExtensibilityGlobals) = postSolution
		SolutionGuid = {841232E7-8491-4D61-9E64-D16C85FF5211}
	EndGlobalSection
EndGlobal
